
Microsoft Visual Studio Solution File, Format Version 12.00
# Visual Studio Version 16
VisualStudioVersion = 16.0.29409.12
MinimumVisualStudioVersion = 10.0.40219.1
Project("{FAE04EC0-301F-11D3-BF4B-00C04F79EFBC}") = "QRCodeAuth-Mobile.Android", "QRCodeAuth-Mobile.Android\QRCodeAuth-Mobile.Android.csproj", "{CF55D628-4F7C-48B1-A3C8-6DB9AE773C2C}"
EndProject
Project("{FAE04EC0-301F-11D3-BF4B-00C04F79EFBC}") = "QRCodeAuth-Mobile.iOS", "QRCodeAuth-Mobile.iOS\QRCodeAuth-Mobile.iOS.csproj", "{1448208D-D532-4F92-8EF6-F72CD17C807D}"
EndProject
Project("{FAE04EC0-301F-11D3-BF4B-00C04F79EFBC}") = "QRCodeAuth-Mobile", "QRCodeAuth-Mobile\QRCodeAuth-Mobile.csproj", "{83B5B249-B97E-4F08-8913-FF25C8643F2E}"
EndProject
Global
	GlobalSection(SolutionConfigurationPlatforms) = preSolution
		Debug|Any CPU = Debug|Any CPU
		Debug|iPhone = Debug|iPhone
		Debug|iPhoneSimulator = Debug|iPhoneSimulator
		Release|Any CPU = Release|Any CPU
		Release|iPhone = Release|iPhone
		Release|iPhoneSimulator = Release|iPhoneSimulator
	EndGlobalSection
	GlobalSection(ProjectConfigurationPlatforms) = postSolution
		{CF55D628-4F7C-48B1-A3C8-6DB9AE773C2C}.Debug|Any CPU.ActiveCfg = Debug|Any CPU
		{CF55D628-4F7C-48B1-A3C8-6DB9AE773C2C}.Debug|Any CPU.Build.0 = Debug|Any CPU
		{CF55D628-4F7C-48B1-A3C8-6DB9AE773C2C}.Debug|Any CPU.Deploy.0 = Debug|Any CPU
		{CF55D628-4F7C-48B1-A3C8-6DB9AE773C2C}.Debug|iPhone.ActiveCfg = Debug|Any CPU
		{CF55D628-4F7C-48B1-A3C8-6DB9AE773C2C}.Debug|iPhone.Build.0 = Debug|Any CPU
		{CF55D628-4F7C-48B1-A3C8-6DB9AE773C2C}.Debug|iPhone.Deploy.0 = Debug|Any CPU
		{CF55D628-4F7C-48B1-A3C8-6DB9AE773C2C}.Debug|iPhoneSimulator.ActiveCfg = Debug|Any CPU
		{CF55D628-4F7C-48B1-A3C8-6DB9AE773C2C}.Debug|iPhoneSimulator.Build.0 = Debug|Any CPU
		{CF55D628-4F7C-48B1-A3C8-6DB9AE773C2C}.Debug|iPhoneSimulator.Deploy.0 = Debug|Any CPU
		{CF55D628-4F7C-48B1-A3C8-6DB9AE773C2C}.Release|Any CPU.ActiveCfg = Release|Any CPU
		{CF55D628-4F7C-48B1-A3C8-6DB9AE773C2C}.Release|Any CPU.Build.0 = Release|Any CPU
		{CF55D628-4F7C-48B1-A3C8-6DB9AE773C2C}.Release|Any CPU.Deploy.0 = Release|Any CPU
		{CF55D628-4F7C-48B1-A3C8-6DB9AE773C2C}.Release|iPhone.ActiveCfg = Release|Any CPU
		{CF55D628-4F7C-48B1-A3C8-6DB9AE773C2C}.Release|iPhone.Build.0 = Release|Any CPU
		{CF55D628-4F7C-48B1-A3C8-6DB9AE773C2C}.Release|iPhone.Deploy.0 = Release|Any CPU
		{CF55D628-4F7C-48B1-A3C8-6DB9AE773C2C}.Release|iPhoneSimulator.ActiveCfg = Release|Any CPU
		{CF55D628-4F7C-48B1-A3C8-6DB9AE773C2C}.Release|iPhoneSimulator.Build.0 = Release|Any CPU
		{CF55D628-4F7C-48B1-A3C8-6DB9AE773C2C}.Release|iPhoneSimulator.Deploy.0 = Release|Any CPU
		{1448208D-D532-4F92-8EF6-F72CD17C807D}.Debug|Any CPU.ActiveCfg = Debug|iPhoneSimulator
		{1448208D-D532-4F92-8EF6-F72CD17C807D}.Debug|Any CPU.Build.0 = Debug|iPhoneSimulator
		{1448208D-D532-4F92-8EF6-F72CD17C807D}.Debug|Any CPU.Deploy.0 = Debug|iPhoneSimulator
		{1448208D-D532-4F92-8EF6-F72CD17C807D}.Debug|iPhone.ActiveCfg = Debug|iPhone
		{1448208D-D532-4F92-8EF6-F72CD17C807D}.Debug|iPhone.Build.0 = Debug|iPhone
		{1448208D-D532-4F92-8EF6-F72CD17C807D}.Debug|iPhone.Deploy.0 = Debug|iPhone
		{1448208D-D532-4F92-8EF6-F72CD17C807D}.Debug|iPhoneSimulator.ActiveCfg = Debug|iPhoneSimulator
		{1448208D-D532-4F92-8EF6-F72CD17C807D}.Debug|iPhoneSimulator.Build.0 = Debug|iPhoneSimulator
		{1448208D-D532-4F92-8EF6-F72CD17C807D}.Debug|iPhoneSimulator.Deploy.0 = Debug|iPhoneSimulator
		{1448208D-D532-4F92-8EF6-F72CD17C807D}.Release|Any CPU.ActiveCfg = Release|iPhone
		{1448208D-D532-4F92-8EF6-F72CD17C807D}.Release|Any CPU.Build.0 = Release|iPhone
		{1448208D-D532-4F92-8EF6-F72CD17C807D}.Release|Any CPU.Deploy.0 = Release|iPhone
		{1448208D-D532-4F92-8EF6-F72CD17C807D}.Release|iPhone.ActiveCfg = Release|iPhone
		{1448208D-D532-4F92-8EF6-F72CD17C807D}.Release|iPhone.Build.0 = Release|iPhone
		{1448208D-D532-4F92-8EF6-F72CD17C807D}.Release|iPhone.Deploy.0 = Release|iPhone
		{1448208D-D532-4F92-8EF6-F72CD17C807D}.Release|iPhoneSimulator.ActiveCfg = Release|iPhoneSimulator
		{1448208D-D532-4F92-8EF6-F72CD17C807D}.Release|iPhoneSimulator.Build.0 = Release|iPhoneSimulator
		{1448208D-D532-4F92-8EF6-F72CD17C807D}.Release|iPhoneSimulator.Deploy.0 = Release|iPhoneSimulator
		{83B5B249-B97E-4F08-8913-FF25C8643F2E}.Debug|Any CPU.ActiveCfg = Debug|Any CPU
		{83B5B249-B97E-4F08-8913-FF25C8643F2E}.Debug|Any CPU.Build.0 = Debug|Any CPU
		{83B5B249-B97E-4F08-8913-FF25C8643F2E}.Debug|Any CPU.Deploy.0 = Debug|Any CPU
		{83B5B249-B97E-4F08-8913-FF25C8643F2E}.Debug|iPhone.ActiveCfg = Debug|Any CPU
		{83B5B249-B97E-4F08-8913-FF25C8643F2E}.Debug|iPhone.Build.0 = Debug|Any CPU
		{83B5B249-B97E-4F08-8913-FF25C8643F2E}.Debug|iPhone.Deploy.0 = Debug|Any CPU
		{83B5B249-B97E-4F08-8913-FF25C8643F2E}.Debug|iPhoneSimulator.ActiveCfg = Debug|Any CPU
		{83B5B249-B97E-4F08-8913-FF25C8643F2E}.Debug|iPhoneSimulator.Build.0 = Debug|Any CPU
		{83B5B249-B97E-4F08-8913-FF25C8643F2E}.Debug|iPhoneSimulator.Deploy.0 = Debug|Any CPU
		{83B5B249-B97E-4F08-8913-FF25C8643F2E}.Release|Any CPU.ActiveCfg = Release|Any CPU
		{83B5B249-B97E-4F08-8913-FF25C8643F2E}.Release|Any CPU.Build.0 = Release|Any CPU
		{83B5B249-B97E-4F08-8913-FF25C8643F2E}.Release|Any CPU.Deploy.0 = Release|Any CPU
		{83B5B249-B97E-4F08-8913-FF25C8643F2E}.Release|iPhone.ActiveCfg = Release|Any CPU
		{83B5B249-B97E-4F08-8913-FF25C8643F2E}.Release|iPhone.Build.0 = Release|Any CPU
		{83B5B249-B97E-4F08-8913-FF25C8643F2E}.Release|iPhone.Deploy.0 = Release|Any CPU
		{83B5B249-B97E-4F08-8913-FF25C8643F2E}.Release|iPhoneSimulator.ActiveCfg = Release|Any CPU
		{83B5B249-B97E-4F08-8913-FF25C8643F2E}.Release|iPhoneSimulator.Build.0 = Release|Any CPU
		{83B5B249-B97E-4F08-8913-FF25C8643F2E}.Release|iPhoneSimulator.Deploy.0 = Release|Any CPU
	EndGlobalSection
	GlobalSection(SolutionProperties) = preSolution
		HideSolutionNode = FALSE
	EndGlobalSection
	GlobalSection(ExtensibilityGlobals) = postSolution
		SolutionGuid = {37672A2D-05FA-41F0-BBFE-8AF65AA018D8}
	EndGlobalSection
EndGlobal
